
Microsoft Visual Studio Solution File, Format Version 12.00
# Visual Studio Version 17
VisualStudioVersion = 17.3.32929.385
MinimumVisualStudioVersion = 10.0.40219.1
Project("{2150E333-8FDC-42A3-9474-1A3956D46DE8}") = "src", "src", "{5DE74ED7-716C-4D42-83B1-A638905D83EF}"
EndProject
Project("{2150E333-8FDC-42A3-9474-1A3956D46DE8}") = "Services", "Services", "{9C9A42CA-3B3A-4443-BD1F-A19EE1874EBD}"
EndProject
Project("{2150E333-8FDC-42A3-9474-1A3956D46DE8}") = "Services.Authentication", "Services.Authentication", "{46164B0E-A25A-4F9D-8B42-A9BD79C40F1C}"
EndProject
Project("{2150E333-8FDC-42A3-9474-1A3956D46DE8}") = "Services.Members", "Services.Members", "{C0E7A416-43CA-44B4-B5BE-FC5EEE725EC5}"
EndProject
Project("{2150E333-8FDC-42A3-9474-1A3956D46DE8}") = "Services.Payment", "Services.Payment", "{BCC86540-6DB2-4B50-89E3-C26A7B55CCAC}"
EndProject
Project("{2150E333-8FDC-42A3-9474-1A3956D46DE8}") = "Members.Infraestructure", "Members.Infraestructure", "{3C39B7E8-D0D9-4B03-86AE-D7D8DF1733D9}"
EndProject
Project("{2150E333-8FDC-42A3-9474-1A3956D46DE8}") = "Members.Service", "Members.Service", "{C6E7BDF8-28DE-4CE7-A134-9AA53BC1425D}"
EndProject
Project("{2150E333-8FDC-42A3-9474-1A3956D46DE8}") = "Members.Domain", "Members.Domain", "{18CC6750-4F49-4B24-B6CC-EB96A979426A}"
EndProject
Project("{9A19103F-16F7-4668-BE54-9A1E7A4F7556}") = "Members.Domain", "Members.Domain\Members.Domain.csproj", "{58448A4F-A6DD-49C0-9514-12AC95E2ADA6}"
EndProject
Project("{9A19103F-16F7-4668-BE54-9A1E7A4F7556}") = "Members.Infraestrucutre", "Members.Infraestrucutre\Members.Infraestrucutre.csproj", "{DCAD0822-1C0E-407A-A636-DEA468F7C6EB}"
EndProject
Project("{9A19103F-16F7-4668-BE54-9A1E7A4F7556}") = "Members.IServicio", "Members.IServicio\Members.IServicio.csproj", "{4493326C-B026-4410-A330-3AEC378541B4}"
EndProject
Project("{9A19103F-16F7-4668-BE54-9A1E7A4F7556}") = "Members.Service", "Members.Service\Members.Service.csproj", "{919804E1-DA91-47D5-909B-600C680D3F5E}"
EndProject
Project("{9A19103F-16F7-4668-BE54-9A1E7A4F7556}") = "Members.Api", "Members.Api\Members.Api.csproj", "{004E6835-DD61-4179-B022-7E248D3A7DE0}"
EndProject
Project("{E53339B2-1760-4266-BCC7-CA923CBCF16C}") = "docker-compose", "docker-compose.dcproj", "{5A1CC6D4-DC04-4376-BCC8-0DAB84C13D4E}"
EndProject
Global
	GlobalSection(SolutionConfigurationPlatforms) = preSolution
		Debug|Any CPU = Debug|Any CPU
		Release|Any CPU = Release|Any CPU
	EndGlobalSection
	GlobalSection(ProjectConfigurationPlatforms) = postSolution
		{58448A4F-A6DD-49C0-9514-12AC95E2ADA6}.Debug|Any CPU.ActiveCfg = Debug|Any CPU
		{58448A4F-A6DD-49C0-9514-12AC95E2ADA6}.Debug|Any CPU.Build.0 = Debug|Any CPU
		{58448A4F-A6DD-49C0-9514-12AC95E2ADA6}.Release|Any CPU.ActiveCfg = Release|Any CPU
		{58448A4F-A6DD-49C0-9514-12AC95E2ADA6}.Release|Any CPU.Build.0 = Release|Any CPU
		{DCAD0822-1C0E-407A-A636-DEA468F7C6EB}.Debug|Any CPU.ActiveCfg = Debug|Any CPU
		{DCAD0822-1C0E-407A-A636-DEA468F7C6EB}.Debug|Any CPU.Build.0 = Debug|Any CPU
		{DCAD0822-1C0E-407A-A636-DEA468F7C6EB}.Release|Any CPU.ActiveCfg = Release|Any CPU
		{DCAD0822-1C0E-407A-A636-DEA468F7C6EB}.Release|Any CPU.Build.0 = Release|Any CPU
		{4493326C-B026-4410-A330-3AEC378541B4}.Debug|Any CPU.ActiveCfg = Debug|Any CPU
		{4493326C-B026-4410-A330-3AEC378541B4}.Debug|Any CPU.Build.0 = Debug|Any CPU
		{4493326C-B026-4410-A330-3AEC378541B4}.Release|Any CPU.ActiveCfg = Release|Any CPU
		{4493326C-B026-4410-A330-3AEC378541B4}.Release|Any CPU.Build.0 = Release|Any CPU
		{919804E1-DA91-47D5-909B-600C680D3F5E}.Debug|Any CPU.ActiveCfg = Debug|Any CPU
		{919804E1-DA91-47D5-909B-600C680D3F5E}.Debug|Any CPU.Build.0 = Debug|Any CPU
		{919804E1-DA91-47D5-909B-600C680D3F5E}.Release|Any CPU.ActiveCfg = Release|Any CPU
		{919804E1-DA91-47D5-909B-600C680D3F5E}.Release|Any CPU.Build.0 = Release|Any CPU
		{004E6835-DD61-4179-B022-7E248D3A7DE0}.Debug|Any CPU.ActiveCfg = Debug|Any CPU
		{004E6835-DD61-4179-B022-7E248D3A7DE0}.Debug|Any CPU.Build.0 = Debug|Any CPU
		{004E6835-DD61-4179-B022-7E248D3A7DE0}.Release|Any CPU.ActiveCfg = Release|Any CPU
		{004E6835-DD61-4179-B022-7E248D3A7DE0}.Release|Any CPU.Build.0 = Release|Any CPU
		{5A1CC6D4-DC04-4376-BCC8-0DAB84C13D4E}.Debug|Any CPU.ActiveCfg = Debug|Any CPU
		{5A1CC6D4-DC04-4376-BCC8-0DAB84C13D4E}.Debug|Any CPU.Build.0 = Debug|Any CPU
		{5A1CC6D4-DC04-4376-BCC8-0DAB84C13D4E}.Release|Any CPU.ActiveCfg = Release|Any CPU
		{5A1CC6D4-DC04-4376-BCC8-0DAB84C13D4E}.Release|Any CPU.Build.0 = Release|Any CPU
	EndGlobalSection
	GlobalSection(SolutionProperties) = preSolution
		HideSolutionNode = FALSE
	EndGlobalSection
	GlobalSection(NestedProjects) = preSolution
		{9C9A42CA-3B3A-4443-BD1F-A19EE1874EBD} = {5DE74ED7-716C-4D42-83B1-A638905D83EF}
		{46164B0E-A25A-4F9D-8B42-A9BD79C40F1C} = {9C9A42CA-3B3A-4443-BD1F-A19EE1874EBD}
		{C0E7A416-43CA-44B4-B5BE-FC5EEE725EC5} = {9C9A42CA-3B3A-4443-BD1F-A19EE1874EBD}
		{BCC86540-6DB2-4B50-89E3-C26A7B55CCAC} = {9C9A42CA-3B3A-4443-BD1F-A19EE1874EBD}
		{3C39B7E8-D0D9-4B03-86AE-D7D8DF1733D9} = {C0E7A416-43CA-44B4-B5BE-FC5EEE725EC5}
		{C6E7BDF8-28DE-4CE7-A134-9AA53BC1425D} = {C0E7A416-43CA-44B4-B5BE-FC5EEE725EC5}
		{18CC6750-4F49-4B24-B6CC-EB96A979426A} = {C0E7A416-43CA-44B4-B5BE-FC5EEE725EC5}
		{58448A4F-A6DD-49C0-9514-12AC95E2ADA6} = {18CC6750-4F49-4B24-B6CC-EB96A979426A}
		{DCAD0822-1C0E-407A-A636-DEA468F7C6EB} = {3C39B7E8-D0D9-4B03-86AE-D7D8DF1733D9}
		{4493326C-B026-4410-A330-3AEC378541B4} = {C6E7BDF8-28DE-4CE7-A134-9AA53BC1425D}
		{919804E1-DA91-47D5-909B-600C680D3F5E} = {C6E7BDF8-28DE-4CE7-A134-9AA53BC1425D}
		{004E6835-DD61-4179-B022-7E248D3A7DE0} = {C0E7A416-43CA-44B4-B5BE-FC5EEE725EC5}
	EndGlobalSection
	GlobalSection(ExtensibilityGlobals) = postSolution
		SolutionGuid = {948F2CFE-2C32-4776-A982-FF986B37C72F}
	EndGlobalSection
EndGlobal
