
Microsoft Visual Studio Solution File, Format Version 12.00
# Visual Studio Version 17
VisualStudioVersion = 17.3.32929.385
MinimumVisualStudioVersion = 10.0.40219.1
Project("{2150E333-8FDC-42A3-9474-1A3956D46DE8}") = "src", "src", "{5DE74ED7-716C-4D42-83B1-A638905D83EF}"
EndProject
Project("{2150E333-8FDC-42A3-9474-1A3956D46DE8}") = "Services", "Services", "{9C9A42CA-3B3A-4443-BD1F-A19EE1874EBD}"
EndProject
Project("{2150E333-8FDC-42A3-9474-1A3956D46DE8}") = "Services.Authentication", "Services.Authentication", "{46164B0E-A25A-4F9D-8B42-A9BD79C40F1C}"
EndProject
Project("{2150E333-8FDC-42A3-9474-1A3956D46DE8}") = "Services.Members", "Services.Members", "{C0E7A416-43CA-44B4-B5BE-FC5EEE725EC5}"
EndProject
Project("{2150E333-8FDC-42A3-9474-1A3956D46DE8}") = "Services.Payment", "Services.Payment", "{BCC86540-6DB2-4B50-89E3-C26A7B55CCAC}"
EndProject
Project("{2150E333-8FDC-42A3-9474-1A3956D46DE8}") = "Members.Infraestructure", "Members.Infraestructure", "{3C39B7E8-D0D9-4B03-86AE-D7D8DF1733D9}"
EndProject
Project("{2150E333-8FDC-42A3-9474-1A3956D46DE8}") = "Members.Service", "Members.Service", "{C6E7BDF8-28DE-4CE7-A134-9AA53BC1425D}"
EndProject
Project("{2150E333-8FDC-42A3-9474-1A3956D46DE8}") = "Members.Domain", "Members.Domain", "{18CC6750-4F49-4B24-B6CC-EB96A979426A}"
EndProject
Project("{9A19103F-16F7-4668-BE54-9A1E7A4F7556}") = "Members.Domain", "Members.Domain\Members.Domain.csproj", "{58448A4F-A6DD-49C0-9514-12AC95E2ADA6}"
EndProject
Project("{9A19103F-16F7-4668-BE54-9A1E7A4F7556}") = "Members.Infraestrucutre", "Members.Infraestrucutre\Members.Infraestrucutre.csproj", "{DCAD0822-1C0E-407A-A636-DEA468F7C6EB}"
EndProject
Project("{9A19103F-16F7-4668-BE54-9A1E7A4F7556}") = "Members.IServicio", "Members.IServicio\Members.IServicio.csproj", "{4493326C-B026-4410-A330-3AEC378541B4}"
EndProject
Project("{9A19103F-16F7-4668-BE54-9A1E7A4F7556}") = "Members.Service", "Members.Service\Members.Service.csproj", "{919804E1-DA91-47D5-909B-600C680D3F5E}"
EndProject
Project("{9A19103F-16F7-4668-BE54-9A1E7A4F7556}") = "Members.Api", "Members.Api\Members.Api.csproj", "{004E6835-DD61-4179-B022-7E248D3A7DE0}"
EndProject
Project("{2150E333-8FDC-42A3-9474-1A3956D46DE8}") = "Authn.Infraestructure", "Authn.Infraestructure", "{CD841479-7A3F-401E-A649-AF1E4EBE5ADE}"
EndProject
Project("{9A19103F-16F7-4668-BE54-9A1E7A4F7556}") = "Authn.Infraestructure", "Authn.Infraestructure\Authn.Infraestructure.csproj", "{BF5106D0-ACB0-4650-AD14-C5E2B9997A0C}"
EndProject
Project("{2150E333-8FDC-42A3-9474-1A3956D46DE8}") = "Authn.Domain", "Authn.Domain", "{4C71D716-7140-411C-9802-B4AF2525E07F}"
EndProject
Project("{9A19103F-16F7-4668-BE54-9A1E7A4F7556}") = "Authn.Domain", "Authn.Domain\Authn.Domain.csproj", "{1F35FF9B-C7C6-46B7-8CD8-F619026797AC}"
EndProject
Project("{2150E333-8FDC-42A3-9474-1A3956D46DE8}") = "Authn.Service", "Authn.Service", "{1E7D2564-5FED-4A72-A5DC-1411725E1A50}"
EndProject
Project("{9A19103F-16F7-4668-BE54-9A1E7A4F7556}") = "Authn.IService", "Authn.IService\Authn.IService.csproj", "{FF30254C-9E58-4243-82A1-0599A5CE8717}"
EndProject
Project("{9A19103F-16F7-4668-BE54-9A1E7A4F7556}") = "Authn.Service", "Authn.Service\Authn.Service.csproj", "{319F8241-D970-4C08-BC53-3FB858F8936C}"
EndProject
Project("{2150E333-8FDC-42A3-9474-1A3956D46DE8}") = "Payment.Infraestructure", "Payment.Infraestructure", "{F51EB975-3933-4601-872C-D7AF288A99FD}"
EndProject
Project("{9A19103F-16F7-4668-BE54-9A1E7A4F7556}") = "Payment.Infraestructure", "Payment.Infraestructure\Payment.Infraestructure.csproj", "{DF08162C-F0E7-40EF-8EE8-A078D75B6C6D}"
EndProject
Project("{9A19103F-16F7-4668-BE54-9A1E7A4F7556}") = "Authn.Api", "Authn.Api\Authn.Api.csproj", "{248E4358-A7BC-4E89-8C0A-5FCE1F55F15E}"
EndProject
Project("{E53339B2-1760-4266-BCC7-CA923CBCF16C}") = "docker-compose", "docker-compose.dcproj", "{4A1E9444-588B-438A-A066-70EDD8797270}"
EndProject
Project("{2150E333-8FDC-42A3-9474-1A3956D46DE8}") = "Common", "Common", "{B9F196EB-D98D-41BF-993A-1BC190ABC683}"
EndProject
Project("{9A19103F-16F7-4668-BE54-9A1E7A4F7556}") = "Common", "Common\Common.csproj", "{7A5D19E8-0143-482B-9B90-C9271B0DD21B}"
EndProject
Project("{2150E333-8FDC-42A3-9474-1A3956D46DE8}") = "Members.Application", "Members.Application", "{EDB7F9EC-08F0-4511-A6A8-214AD9BF1077}"
EndProject
Project("{2150E333-8FDC-42A3-9474-1A3956D46DE8}") = "Services.Rutine", "Services.Rutine", "{5558861A-DA17-42C9-B81C-B93FAF9AAC60}"
EndProject
Project("{2150E333-8FDC-42A3-9474-1A3956D46DE8}") = "Rutine.Infraestructure", "Rutine.Infraestructure", "{F5286059-15E8-4EF9-8FE4-F7395D878498}"
EndProject
Project("{9A19103F-16F7-4668-BE54-9A1E7A4F7556}") = "Rutine.Infraestructure", "Rutine.Infraestructure\Rutine.Infraestructure.csproj", "{9E351F73-FB17-48C1-ABCD-1723761B86DF}"
EndProject
Project("{2150E333-8FDC-42A3-9474-1A3956D46DE8}") = "Rutine.Domain", "Rutine.Domain", "{4823C06F-81F1-4542-A643-A3E293152F46}"
EndProject
Project("{9A19103F-16F7-4668-BE54-9A1E7A4F7556}") = "Rutine.Domain", "Rutine.Domain\Rutine.Domain.csproj", "{2E29B9C2-6036-4D23-A967-399D0E8F65AD}"
EndProject
Project("{2150E333-8FDC-42A3-9474-1A3956D46DE8}") = "Rutine.Service", "Rutine.Service", "{9DE5CB5D-F618-4EEA-9B49-1F9F12A8ADC8}"
EndProject
Project("{9A19103F-16F7-4668-BE54-9A1E7A4F7556}") = "Rutine.IService", "Rutine.IService\Rutine.IService.csproj", "{DA9FC0BE-080B-4BCE-BDF6-4543DCCD759D}"
EndProject
Project("{9A19103F-16F7-4668-BE54-9A1E7A4F7556}") = "Rutine.Service", "Rutine.Service\Rutine.Service.csproj", "{5592C4AB-14E9-47DD-890A-4EDA64BB1CA0}"
EndProject
Project("{9A19103F-16F7-4668-BE54-9A1E7A4F7556}") = "Rutine.Api", "Rutine.Api\Rutine.Api.csproj", "{5762B68E-64C5-40A6-9A15-13025E4DD270}"
EndProject
Global
	GlobalSection(SolutionConfigurationPlatforms) = preSolution
		Debug|Any CPU = Debug|Any CPU
		Release|Any CPU = Release|Any CPU
	EndGlobalSection
	GlobalSection(ProjectConfigurationPlatforms) = postSolution
		{58448A4F-A6DD-49C0-9514-12AC95E2ADA6}.Debug|Any CPU.ActiveCfg = Debug|Any CPU
		{58448A4F-A6DD-49C0-9514-12AC95E2ADA6}.Debug|Any CPU.Build.0 = Debug|Any CPU
		{58448A4F-A6DD-49C0-9514-12AC95E2ADA6}.Release|Any CPU.ActiveCfg = Release|Any CPU
		{58448A4F-A6DD-49C0-9514-12AC95E2ADA6}.Release|Any CPU.Build.0 = Release|Any CPU
		{DCAD0822-1C0E-407A-A636-DEA468F7C6EB}.Debug|Any CPU.ActiveCfg = Debug|Any CPU
		{DCAD0822-1C0E-407A-A636-DEA468F7C6EB}.Debug|Any CPU.Build.0 = Debug|Any CPU
		{DCAD0822-1C0E-407A-A636-DEA468F7C6EB}.Release|Any CPU.ActiveCfg = Release|Any CPU
		{DCAD0822-1C0E-407A-A636-DEA468F7C6EB}.Release|Any CPU.Build.0 = Release|Any CPU
		{4493326C-B026-4410-A330-3AEC378541B4}.Debug|Any CPU.ActiveCfg = Debug|Any CPU
		{4493326C-B026-4410-A330-3AEC378541B4}.Debug|Any CPU.Build.0 = Debug|Any CPU
		{4493326C-B026-4410-A330-3AEC378541B4}.Release|Any CPU.ActiveCfg = Release|Any CPU
		{4493326C-B026-4410-A330-3AEC378541B4}.Release|Any CPU.Build.0 = Release|Any CPU
		{919804E1-DA91-47D5-909B-600C680D3F5E}.Debug|Any CPU.ActiveCfg = Debug|Any CPU
		{919804E1-DA91-47D5-909B-600C680D3F5E}.Debug|Any CPU.Build.0 = Debug|Any CPU
		{919804E1-DA91-47D5-909B-600C680D3F5E}.Release|Any CPU.ActiveCfg = Release|Any CPU
		{919804E1-DA91-47D5-909B-600C680D3F5E}.Release|Any CPU.Build.0 = Release|Any CPU
		{004E6835-DD61-4179-B022-7E248D3A7DE0}.Debug|Any CPU.ActiveCfg = Debug|Any CPU
		{004E6835-DD61-4179-B022-7E248D3A7DE0}.Debug|Any CPU.Build.0 = Debug|Any CPU
		{004E6835-DD61-4179-B022-7E248D3A7DE0}.Release|Any CPU.ActiveCfg = Release|Any CPU
		{004E6835-DD61-4179-B022-7E248D3A7DE0}.Release|Any CPU.Build.0 = Release|Any CPU
		{BF5106D0-ACB0-4650-AD14-C5E2B9997A0C}.Debug|Any CPU.ActiveCfg = Debug|Any CPU
		{BF5106D0-ACB0-4650-AD14-C5E2B9997A0C}.Debug|Any CPU.Build.0 = Debug|Any CPU
		{BF5106D0-ACB0-4650-AD14-C5E2B9997A0C}.Release|Any CPU.ActiveCfg = Release|Any CPU
		{BF5106D0-ACB0-4650-AD14-C5E2B9997A0C}.Release|Any CPU.Build.0 = Release|Any CPU
		{1F35FF9B-C7C6-46B7-8CD8-F619026797AC}.Debug|Any CPU.ActiveCfg = Debug|Any CPU
		{1F35FF9B-C7C6-46B7-8CD8-F619026797AC}.Debug|Any CPU.Build.0 = Debug|Any CPU
		{1F35FF9B-C7C6-46B7-8CD8-F619026797AC}.Release|Any CPU.ActiveCfg = Release|Any CPU
		{1F35FF9B-C7C6-46B7-8CD8-F619026797AC}.Release|Any CPU.Build.0 = Release|Any CPU
		{FF30254C-9E58-4243-82A1-0599A5CE8717}.Debug|Any CPU.ActiveCfg = Debug|Any CPU
		{FF30254C-9E58-4243-82A1-0599A5CE8717}.Debug|Any CPU.Build.0 = Debug|Any CPU
		{FF30254C-9E58-4243-82A1-0599A5CE8717}.Release|Any CPU.ActiveCfg = Release|Any CPU
		{FF30254C-9E58-4243-82A1-0599A5CE8717}.Release|Any CPU.Build.0 = Release|Any CPU
		{319F8241-D970-4C08-BC53-3FB858F8936C}.Debug|Any CPU.ActiveCfg = Debug|Any CPU
		{319F8241-D970-4C08-BC53-3FB858F8936C}.Debug|Any CPU.Build.0 = Debug|Any CPU
		{319F8241-D970-4C08-BC53-3FB858F8936C}.Release|Any CPU.ActiveCfg = Release|Any CPU
		{319F8241-D970-4C08-BC53-3FB858F8936C}.Release|Any CPU.Build.0 = Release|Any CPU
		{DF08162C-F0E7-40EF-8EE8-A078D75B6C6D}.Debug|Any CPU.ActiveCfg = Debug|Any CPU
		{DF08162C-F0E7-40EF-8EE8-A078D75B6C6D}.Debug|Any CPU.Build.0 = Debug|Any CPU
		{DF08162C-F0E7-40EF-8EE8-A078D75B6C6D}.Release|Any CPU.ActiveCfg = Release|Any CPU
		{DF08162C-F0E7-40EF-8EE8-A078D75B6C6D}.Release|Any CPU.Build.0 = Release|Any CPU
		{248E4358-A7BC-4E89-8C0A-5FCE1F55F15E}.Debug|Any CPU.ActiveCfg = Debug|Any CPU
		{248E4358-A7BC-4E89-8C0A-5FCE1F55F15E}.Debug|Any CPU.Build.0 = Debug|Any CPU
		{248E4358-A7BC-4E89-8C0A-5FCE1F55F15E}.Release|Any CPU.ActiveCfg = Release|Any CPU
		{248E4358-A7BC-4E89-8C0A-5FCE1F55F15E}.Release|Any CPU.Build.0 = Release|Any CPU
		{4A1E9444-588B-438A-A066-70EDD8797270}.Debug|Any CPU.ActiveCfg = Debug|Any CPU
		{4A1E9444-588B-438A-A066-70EDD8797270}.Debug|Any CPU.Build.0 = Debug|Any CPU
		{4A1E9444-588B-438A-A066-70EDD8797270}.Release|Any CPU.ActiveCfg = Release|Any CPU
		{4A1E9444-588B-438A-A066-70EDD8797270}.Release|Any CPU.Build.0 = Release|Any CPU
		{7A5D19E8-0143-482B-9B90-C9271B0DD21B}.Debug|Any CPU.ActiveCfg = Debug|Any CPU
		{7A5D19E8-0143-482B-9B90-C9271B0DD21B}.Debug|Any CPU.Build.0 = Debug|Any CPU
		{7A5D19E8-0143-482B-9B90-C9271B0DD21B}.Release|Any CPU.ActiveCfg = Release|Any CPU
		{7A5D19E8-0143-482B-9B90-C9271B0DD21B}.Release|Any CPU.Build.0 = Release|Any CPU
		{9E351F73-FB17-48C1-ABCD-1723761B86DF}.Debug|Any CPU.ActiveCfg = Debug|Any CPU
		{9E351F73-FB17-48C1-ABCD-1723761B86DF}.Debug|Any CPU.Build.0 = Debug|Any CPU
		{9E351F73-FB17-48C1-ABCD-1723761B86DF}.Release|Any CPU.ActiveCfg = Release|Any CPU
		{9E351F73-FB17-48C1-ABCD-1723761B86DF}.Release|Any CPU.Build.0 = Release|Any CPU
		{2E29B9C2-6036-4D23-A967-399D0E8F65AD}.Debug|Any CPU.ActiveCfg = Debug|Any CPU
		{2E29B9C2-6036-4D23-A967-399D0E8F65AD}.Debug|Any CPU.Build.0 = Debug|Any CPU
		{2E29B9C2-6036-4D23-A967-399D0E8F65AD}.Release|Any CPU.ActiveCfg = Release|Any CPU
		{2E29B9C2-6036-4D23-A967-399D0E8F65AD}.Release|Any CPU.Build.0 = Release|Any CPU
		{DA9FC0BE-080B-4BCE-BDF6-4543DCCD759D}.Debug|Any CPU.ActiveCfg = Debug|Any CPU
		{DA9FC0BE-080B-4BCE-BDF6-4543DCCD759D}.Debug|Any CPU.Build.0 = Debug|Any CPU
		{DA9FC0BE-080B-4BCE-BDF6-4543DCCD759D}.Release|Any CPU.ActiveCfg = Release|Any CPU
		{DA9FC0BE-080B-4BCE-BDF6-4543DCCD759D}.Release|Any CPU.Build.0 = Release|Any CPU
		{5592C4AB-14E9-47DD-890A-4EDA64BB1CA0}.Debug|Any CPU.ActiveCfg = Debug|Any CPU
		{5592C4AB-14E9-47DD-890A-4EDA64BB1CA0}.Debug|Any CPU.Build.0 = Debug|Any CPU
		{5592C4AB-14E9-47DD-890A-4EDA64BB1CA0}.Release|Any CPU.ActiveCfg = Release|Any CPU
		{5592C4AB-14E9-47DD-890A-4EDA64BB1CA0}.Release|Any CPU.Build.0 = Release|Any CPU
		{5762B68E-64C5-40A6-9A15-13025E4DD270}.Debug|Any CPU.ActiveCfg = Debug|Any CPU
		{5762B68E-64C5-40A6-9A15-13025E4DD270}.Debug|Any CPU.Build.0 = Debug|Any CPU
		{5762B68E-64C5-40A6-9A15-13025E4DD270}.Release|Any CPU.ActiveCfg = Release|Any CPU
		{5762B68E-64C5-40A6-9A15-13025E4DD270}.Release|Any CPU.Build.0 = Release|Any CPU
	EndGlobalSection
	GlobalSection(SolutionProperties) = preSolution
		HideSolutionNode = FALSE
	EndGlobalSection
	GlobalSection(NestedProjects) = preSolution
		{9C9A42CA-3B3A-4443-BD1F-A19EE1874EBD} = {5DE74ED7-716C-4D42-83B1-A638905D83EF}
		{46164B0E-A25A-4F9D-8B42-A9BD79C40F1C} = {9C9A42CA-3B3A-4443-BD1F-A19EE1874EBD}
		{C0E7A416-43CA-44B4-B5BE-FC5EEE725EC5} = {9C9A42CA-3B3A-4443-BD1F-A19EE1874EBD}
		{BCC86540-6DB2-4B50-89E3-C26A7B55CCAC} = {9C9A42CA-3B3A-4443-BD1F-A19EE1874EBD}
		{3C39B7E8-D0D9-4B03-86AE-D7D8DF1733D9} = {C0E7A416-43CA-44B4-B5BE-FC5EEE725EC5}
		{C6E7BDF8-28DE-4CE7-A134-9AA53BC1425D} = {C0E7A416-43CA-44B4-B5BE-FC5EEE725EC5}
		{18CC6750-4F49-4B24-B6CC-EB96A979426A} = {C0E7A416-43CA-44B4-B5BE-FC5EEE725EC5}
		{58448A4F-A6DD-49C0-9514-12AC95E2ADA6} = {18CC6750-4F49-4B24-B6CC-EB96A979426A}
		{DCAD0822-1C0E-407A-A636-DEA468F7C6EB} = {3C39B7E8-D0D9-4B03-86AE-D7D8DF1733D9}
		{4493326C-B026-4410-A330-3AEC378541B4} = {C6E7BDF8-28DE-4CE7-A134-9AA53BC1425D}
		{919804E1-DA91-47D5-909B-600C680D3F5E} = {C6E7BDF8-28DE-4CE7-A134-9AA53BC1425D}
		{004E6835-DD61-4179-B022-7E248D3A7DE0} = {C0E7A416-43CA-44B4-B5BE-FC5EEE725EC5}
		{CD841479-7A3F-401E-A649-AF1E4EBE5ADE} = {46164B0E-A25A-4F9D-8B42-A9BD79C40F1C}
		{BF5106D0-ACB0-4650-AD14-C5E2B9997A0C} = {CD841479-7A3F-401E-A649-AF1E4EBE5ADE}
		{4C71D716-7140-411C-9802-B4AF2525E07F} = {46164B0E-A25A-4F9D-8B42-A9BD79C40F1C}
		{1F35FF9B-C7C6-46B7-8CD8-F619026797AC} = {4C71D716-7140-411C-9802-B4AF2525E07F}
		{1E7D2564-5FED-4A72-A5DC-1411725E1A50} = {46164B0E-A25A-4F9D-8B42-A9BD79C40F1C}
		{FF30254C-9E58-4243-82A1-0599A5CE8717} = {1E7D2564-5FED-4A72-A5DC-1411725E1A50}
		{319F8241-D970-4C08-BC53-3FB858F8936C} = {1E7D2564-5FED-4A72-A5DC-1411725E1A50}
		{F51EB975-3933-4601-872C-D7AF288A99FD} = {BCC86540-6DB2-4B50-89E3-C26A7B55CCAC}
		{DF08162C-F0E7-40EF-8EE8-A078D75B6C6D} = {F51EB975-3933-4601-872C-D7AF288A99FD}
		{248E4358-A7BC-4E89-8C0A-5FCE1F55F15E} = {46164B0E-A25A-4F9D-8B42-A9BD79C40F1C}
		{B9F196EB-D98D-41BF-993A-1BC190ABC683} = {9C9A42CA-3B3A-4443-BD1F-A19EE1874EBD}
		{7A5D19E8-0143-482B-9B90-C9271B0DD21B} = {B9F196EB-D98D-41BF-993A-1BC190ABC683}
		{EDB7F9EC-08F0-4511-A6A8-214AD9BF1077} = {C0E7A416-43CA-44B4-B5BE-FC5EEE725EC5}
		{5558861A-DA17-42C9-B81C-B93FAF9AAC60} = {9C9A42CA-3B3A-4443-BD1F-A19EE1874EBD}
		{F5286059-15E8-4EF9-8FE4-F7395D878498} = {5558861A-DA17-42C9-B81C-B93FAF9AAC60}
		{9E351F73-FB17-48C1-ABCD-1723761B86DF} = {F5286059-15E8-4EF9-8FE4-F7395D878498}
		{4823C06F-81F1-4542-A643-A3E293152F46} = {5558861A-DA17-42C9-B81C-B93FAF9AAC60}
		{2E29B9C2-6036-4D23-A967-399D0E8F65AD} = {4823C06F-81F1-4542-A643-A3E293152F46}
		{9DE5CB5D-F618-4EEA-9B49-1F9F12A8ADC8} = {5558861A-DA17-42C9-B81C-B93FAF9AAC60}
		{DA9FC0BE-080B-4BCE-BDF6-4543DCCD759D} = {9DE5CB5D-F618-4EEA-9B49-1F9F12A8ADC8}
		{5592C4AB-14E9-47DD-890A-4EDA64BB1CA0} = {9DE5CB5D-F618-4EEA-9B49-1F9F12A8ADC8}
		{5762B68E-64C5-40A6-9A15-13025E4DD270} = {5558861A-DA17-42C9-B81C-B93FAF9AAC60}
	EndGlobalSection
	GlobalSection(ExtensibilityGlobals) = postSolution
		SolutionGuid = {948F2CFE-2C32-4776-A982-FF986B37C72F}
	EndGlobalSection
EndGlobal
